# THIS IS AN AUTOGENERATED FILE. DO NOT EDIT THIS FILE DIRECTLY.
# yarn lockfile v1


gray-percentage@^2.0.0:
  version "2.0.0"
  resolved "https://registry.yarnpkg.com/gray-percentage/-/gray-percentage-2.0.0.tgz#b72a274d1b1379104a0050b63b207dc53fe56f99"

typography-breakpoint-constants@^0.15.10:
  version "0.15.10"
  resolved "https://registry.yarnpkg.com/typography-breakpoint-constants/-/typography-breakpoint-constants-0.15.10.tgz#bd5308dd57250e7f28a8c6e1c0e668ddf1178c5c"

typography-theme-fairy-gates@^0.15.11:
  version "0.15.11"
  resolved "https://registry.yarnpkg.com/typography-theme-fairy-gates/-/typography-theme-fairy-gates-0.15.11.tgz#305ec02548e4065ab6ba9c7b47ff5099b6f9be5c"
  dependencies:
    gray-percentage "^2.0.0"
    typography-breakpoint-constants "^0.15.10"
